// !$*UTF8*$!
{
	archiveVersion = 1;
	classes = {
	};
	objectVersion = 56;
	objects = {

/* Begin PBXBuildFile section */
		274A715550012F0B44E78652 /* AboutCode.swift in Sources */ = {isa = PBXBuildFile; fileRef = 786503DAEC1B40E8FE92E4F3 /* AboutCode.swift */; };
		2A964C936EFFD3FD4FB87D13 /* ContentView.swift in Sources */ = {isa = PBXBuildFile; fileRef = FE46BC7FF2F4B42204668B45 /* ContentView.swift */; };
		3332219C2B6EE99500C1DC63 /* MatchedTitle.swift in Sources */ = {isa = PBXBuildFile; fileRef = 3332219B2B6EE99500C1DC63 /* MatchedTitle.swift */; };
		3332219E2B6EE9CB00C1DC63 /* MatchedContent.swift in Sources */ = {isa = PBXBuildFile; fileRef = 3332219D2B6EE9CB00C1DC63 /* MatchedContent.swift */; };
		3C593253A72F7FD669328DEB /* AboutBullets.swift in Sources */ = {isa = PBXBuildFile; fileRef = 13B2BA426B1DF7981125E86F /* AboutBullets.swift */; };
		41EDA80C0FB3207CFE8ED445 /* Introduction.swift in Sources */ = {isa = PBXBuildFile; fileRef = 87F497EC9F50CC1B8B8B813C /* Introduction.swift */; };
		74A3546B6459532D9FC788BB /* SwiftDex in Frameworks */ = {isa = PBXBuildFile; productRef = 901786E0D97D642D5C0CE960 /* SwiftDex */; };
		75575BC4DABC455605E1C1DB /* AboutFlipper.swift in Sources */ = {isa = PBXBuildFile; fileRef = FD973B5EC48E36BB81327C8D /* AboutFlipper.swift */; };
		756853649535421BD8C4651D /* Layout1.swift in Sources */ = {isa = PBXBuildFile; fileRef = 8962AB4430D3F7C083C3A1E7 /* Layout1.swift */; };
		7E9E5ADFABCD0A103D28DC37 /* Layout2.swift in Sources */ = {isa = PBXBuildFile; fileRef = BF13C473CE27B52270AB704F /* Layout2.swift */; };
		93912B3C4425A6203FC96450 /* SwiftDexExampleApp.swift in Sources */ = {isa = PBXBuildFile; fileRef = 5BD7255273A93DB0FEF98C81 /* SwiftDexExampleApp.swift */; };
		9EEC10946E592DFFAEA1B03A /* Title.swift in Sources */ = {isa = PBXBuildFile; fileRef = B1F9F0DDDBC33B4282CCF9D7 /* Title.swift */; };
		C65C6EBF4499FB2BD42BC98F /* Assets.xcassets in Resources */ = {isa = PBXBuildFile; fileRef = AAC5BDDB4254D1D61F5EAEE8 /* Assets.xcassets */; };
		F738B7DCE656C80C7505BF48 /* MyDeck.swift in Sources */ = {isa = PBXBuildFile; fileRef = 461ABD1D9D01D34EED6CFA3F /* MyDeck.swift */; };
/* End PBXBuildFile section */

/* Begin PBXFileReference section */
		13B2BA426B1DF7981125E86F /* AboutBullets.swift */ = {isa = PBXFileReference; lastKnownFileType = sourcecode.swift; path = AboutBullets.swift; sourceTree = "<group>"; };
		1914BA586BA4C9DEEA1C1F1B /* SwiftDexExample.entitlements */ = {isa = PBXFileReference; lastKnownFileType = text.plist.entitlements; path = SwiftDexExample.entitlements; sourceTree = "<group>"; };
		1CF0C9952FE28D81CF2AAC16 /* SwiftDexExample.app */ = {isa = PBXFileReference; explicitFileType = wrapper.application; includeInIndex = 0; path = SwiftDexExample.app; sourceTree = BUILT_PRODUCTS_DIR; };
		3332219B2B6EE99500C1DC63 /* MatchedTitle.swift */ = {isa = PBXFileReference; lastKnownFileType = sourcecode.swift; path = MatchedTitle.swift; sourceTree = "<group>"; };
		3332219D2B6EE9CB00C1DC63 /* MatchedContent.swift */ = {isa = PBXFileReference; lastKnownFileType = sourcecode.swift; path = MatchedContent.swift; sourceTree = "<group>"; };
		461ABD1D9D01D34EED6CFA3F /* MyDeck.swift */ = {isa = PBXFileReference; lastKnownFileType = sourcecode.swift; path = MyDeck.swift; sourceTree = "<group>"; };
		5BD7255273A93DB0FEF98C81 /* SwiftDexExampleApp.swift */ = {isa = PBXFileReference; lastKnownFileType = sourcecode.swift; path = SwiftDexExampleApp.swift; sourceTree = "<group>"; };
		786503DAEC1B40E8FE92E4F3 /* AboutCode.swift */ = {isa = PBXFileReference; lastKnownFileType = sourcecode.swift; path = AboutCode.swift; sourceTree = "<group>"; };
		87F497EC9F50CC1B8B8B813C /* Introduction.swift */ = {isa = PBXFileReference; lastKnownFileType = sourcecode.swift; path = Introduction.swift; sourceTree = "<group>"; };
		8962AB4430D3F7C083C3A1E7 /* Layout1.swift */ = {isa = PBXFileReference; lastKnownFileType = sourcecode.swift; path = Layout1.swift; sourceTree = "<group>"; };
		AAC5BDDB4254D1D61F5EAEE8 /* Assets.xcassets */ = {isa = PBXFileReference; lastKnownFileType = folder.assetcatalog; path = Assets.xcassets; sourceTree = "<group>"; };
		B1F9F0DDDBC33B4282CCF9D7 /* Title.swift */ = {isa = PBXFileReference; lastKnownFileType = sourcecode.swift; path = Title.swift; sourceTree = "<group>"; };
		BF13C473CE27B52270AB704F /* Layout2.swift */ = {isa = PBXFileReference; lastKnownFileType = sourcecode.swift; path = Layout2.swift; sourceTree = "<group>"; };
		EC28170B7BB8A2D53CEF3B2E /* swift-dex */ = {isa = PBXFileReference; lastKnownFileType = folder; name = "swift-dex"; path = ..; sourceTree = SOURCE_ROOT; };
		FD973B5EC48E36BB81327C8D /* AboutFlipper.swift */ = {isa = PBXFileReference; lastKnownFileType = sourcecode.swift; path = AboutFlipper.swift; sourceTree = "<group>"; };
		FE46BC7FF2F4B42204668B45 /* ContentView.swift */ = {isa = PBXFileReference; lastKnownFileType = sourcecode.swift; path = ContentView.swift; sourceTree = "<group>"; };
/* End PBXFileReference section */

/* Begin PBXFrameworksBuildPhase section */
		8805283124F92CB74061485B /* Frameworks */ = {
			isa = PBXFrameworksBuildPhase;
			buildActionMask = 2147483647;
			files = (
				74A3546B6459532D9FC788BB /* SwiftDex in Frameworks */,
			);
			runOnlyForDeploymentPostprocessing = 0;
		};
/* End PBXFrameworksBuildPhase section */

/* Begin PBXGroup section */
		3332219F2B70422900C1DC63 /* CustomViews */ = {
			isa = PBXGroup;
			children = (
				13B2BA426B1DF7981125E86F /* AboutBullets.swift */,
				786503DAEC1B40E8FE92E4F3 /* AboutCode.swift */,
				FD973B5EC48E36BB81327C8D /* AboutFlipper.swift */,
			);
			path = CustomViews;
			sourceTree = "<group>";
		};
		501A26D594E8B4BB207D6E6B /* SwiftDexExample */ = {
			isa = PBXGroup;
			children = (
				AAC5BDDB4254D1D61F5EAEE8 /* Assets.xcassets */,
				FE46BC7FF2F4B42204668B45 /* ContentView.swift */,
				461ABD1D9D01D34EED6CFA3F /* MyDeck.swift */,
				1914BA586BA4C9DEEA1C1F1B /* SwiftDexExample.entitlements */,
				5BD7255273A93DB0FEF98C81 /* SwiftDexExampleApp.swift */,
				FC0CCF23004E37A3CF6D3F94 /* Slides */,
			);
			path = SwiftDexExample;
			sourceTree = "<group>";
		};
		91DEFED83EB3706206664D1F /* Packages */ = {
			isa = PBXGroup;
			children = (
				EC28170B7BB8A2D53CEF3B2E /* swift-dex */,
			);
			name = Packages;
			sourceTree = SOURCE_ROOT;
		};
		E0F3B837578B869616337927 = {
			isa = PBXGroup;
			children = (
				91DEFED83EB3706206664D1F /* Packages */,
				501A26D594E8B4BB207D6E6B /* SwiftDexExample */,
				F1CD1CFB00D2DCC9C342C0DF /* Products */,
			);
			sourceTree = "<group>";
		};
		F1CD1CFB00D2DCC9C342C0DF /* Products */ = {
			isa = PBXGroup;
			children = (
				1CF0C9952FE28D81CF2AAC16 /* SwiftDexExample.app */,
			);
			name = Products;
			sourceTree = "<group>";
		};
		FC0CCF23004E37A3CF6D3F94 /* Slides */ = {
			isa = PBXGroup;
			children = (
				3332219F2B70422900C1DC63 /* CustomViews */,
				87F497EC9F50CC1B8B8B813C /* Introduction.swift */,
				8962AB4430D3F7C083C3A1E7 /* Layout1.swift */,
				BF13C473CE27B52270AB704F /* Layout2.swift */,
				3332219B2B6EE99500C1DC63 /* MatchedTitle.swift */,
				3332219D2B6EE9CB00C1DC63 /* MatchedContent.swift */,
				B1F9F0DDDBC33B4282CCF9D7 /* Title.swift */,
			);
			path = Slides;
			sourceTree = "<group>";
		};
/* End PBXGroup section */

/* Begin PBXNativeTarget section */
		2466A19CA864616F94C97AEC /* SwiftDexExample */ = {
			isa = PBXNativeTarget;
			buildConfigurationList = 91A8A4C7D21F847F9E6820A0 /* Build configuration list for PBXNativeTarget "SwiftDexExample" */;
			buildPhases = (
				D1D78B81991655C484F8BB8C /* Sources */,
				9D98F95B3F56ED4ABF891806 /* Resources */,
				8805283124F92CB74061485B /* Frameworks */,
			);
			buildRules = (
			);
			dependencies = (
			);
			name = SwiftDexExample;
			packageProductDependencies = (
				901786E0D97D642D5C0CE960 /* SwiftDex */,
			);
			productName = SwiftDexExample;
			productReference = 1CF0C9952FE28D81CF2AAC16 /* SwiftDexExample.app */;
			productType = "com.apple.product-type.application";
		};
/* End PBXNativeTarget section */

/* Begin PBXProject section */
		C66148335A9D9805916248AE /* Project object */ = {
			isa = PBXProject;
			attributes = {
				BuildIndependentTargetsInParallel = YES;
				LastUpgradeCheck = 1430;
				TargetAttributes = {
					2466A19CA864616F94C97AEC = {
						ProvisioningStyle = Manual;
					};
				};
			};
			buildConfigurationList = E15E23152568D5865A7732DB /* Build configuration list for PBXProject "SwiftDexExample" */;
			compatibilityVersion = "Xcode 14.0";
			developmentRegion = en;
			hasScannedForEncodings = 0;
			knownRegions = (
				Base,
				en,
			);
			mainGroup = E0F3B837578B869616337927;
			projectDirPath = "";
			projectRoot = "";
			targets = (
				2466A19CA864616F94C97AEC /* SwiftDexExample */,
			);
		};
/* End PBXProject section */

/* Begin PBXResourcesBuildPhase section */
		9D98F95B3F56ED4ABF891806 /* Resources */ = {
			isa = PBXResourcesBuildPhase;
			buildActionMask = 2147483647;
			files = (
				C65C6EBF4499FB2BD42BC98F /* Assets.xcassets in Resources */,
			);
			runOnlyForDeploymentPostprocessing = 0;
		};
/* End PBXResourcesBuildPhase section */

/* Begin PBXSourcesBuildPhase section */
		D1D78B81991655C484F8BB8C /* Sources */ = {
			isa = PBXSourcesBuildPhase;
			buildActionMask = 2147483647;
			files = (
				3C593253A72F7FD669328DEB /* AboutBullets.swift in Sources */,
				274A715550012F0B44E78652 /* AboutCode.swift in Sources */,
				3332219C2B6EE99500C1DC63 /* MatchedTitle.swift in Sources */,
				75575BC4DABC455605E1C1DB /* AboutFlipper.swift in Sources */,
				2A964C936EFFD3FD4FB87D13 /* ContentView.swift in Sources */,
				41EDA80C0FB3207CFE8ED445 /* Introduction.swift in Sources */,
				756853649535421BD8C4651D /* Layout1.swift in Sources */,
				7E9E5ADFABCD0A103D28DC37 /* Layout2.swift in Sources */,
				3332219E2B6EE9CB00C1DC63 /* MatchedContent.swift in Sources */,
				F738B7DCE656C80C7505BF48 /* MyDeck.swift in Sources */,
				93912B3C4425A6203FC96450 /* SwiftDexExampleApp.swift in Sources */,
				9EEC10946E592DFFAEA1B03A /* Title.swift in Sources */,
			);
			runOnlyForDeploymentPostprocessing = 0;
		};
/* End PBXSourcesBuildPhase section */

/* Begin XCBuildConfiguration section */
		6FAF9FECBBEDF5B824667BD0 /* Release */ = {
			isa = XCBuildConfiguration;
			buildSettings = {
				ASSETCATALOG_COMPILER_APPICON_NAME = AppIcon;
				CODE_SIGNING_REQUIRED = NO;
				CODE_SIGN_IDENTITY = "-";
				CODE_SIGN_STYLE = Manual;
				COMBINE_HIDPI_IMAGES = YES;
				GENERATE_INFOPLIST_FILE = YES;
				LD_RUNPATH_SEARCH_PATHS = (
					"$(inherited)",
					"@executable_path/../Frameworks",
				);
				MACOSX_DEPLOYMENT_TARGET = 14.0;
				PRODUCT_BUNDLE_IDENTIFIER = com.hagmas.SwiftDexExample;
				SDKROOT = macosx;
			};
			name = Release;
		};
		7F26173477B56631D5CC297C /* Release */ = {
			isa = XCBuildConfiguration;
			buildSettings = {
				ALWAYS_SEARCH_USER_PATHS = NO;
				CLANG_ANALYZER_NONNULL = YES;
				CLANG_ANALYZER_NUMBER_OBJECT_CONVERSION = YES_AGGRESSIVE;
				CLANG_CXX_LANGUAGE_STANDARD = "gnu++14";
				CLANG_CXX_LIBRARY = "libc++";
				CLANG_ENABLE_MODULES = YES;
				CLANG_ENABLE_OBJC_ARC = YES;
				CLANG_ENABLE_OBJC_WEAK = YES;
				CLANG_WARN_BLOCK_CAPTURE_AUTORELEASING = YES;
				CLANG_WARN_BOOL_CONVERSION = YES;
				CLANG_WARN_COMMA = YES;
				CLANG_WARN_CONSTANT_CONVERSION = YES;
				CLANG_WARN_DEPRECATED_OBJC_IMPLEMENTATIONS = YES;
				CLANG_WARN_DIRECT_OBJC_ISA_USAGE = YES_ERROR;
				CLANG_WARN_DOCUMENTATION_COMMENTS = YES;
				CLANG_WARN_EMPTY_BODY = YES;
				CLANG_WARN_ENUM_CONVERSION = YES;
				CLANG_WARN_INFINITE_RECURSION = YES;
				CLANG_WARN_INT_CONVERSION = YES;
				CLANG_WARN_NON_LITERAL_NULL_CONVERSION = YES;
				CLANG_WARN_OBJC_IMPLICIT_RETAIN_SELF = YES;
				CLANG_WARN_OBJC_LITERAL_CONVERSION = YES;
				CLANG_WARN_OBJC_ROOT_CLASS = YES_ERROR;
				CLANG_WARN_QUOTED_INCLUDE_IN_FRAMEWORK_HEADER = YES;
				CLANG_WARN_RANGE_LOOP_ANALYSIS = YES;
				CLANG_WARN_STRICT_PROTOTYPES = YES;
				CLANG_WARN_SUSPICIOUS_MOVE = YES;
				CLANG_WARN_UNGUARDED_AVAILABILITY = YES_AGGRESSIVE;
				CLANG_WARN_UNREACHABLE_CODE = YES;
				CLANG_WARN__DUPLICATE_METHOD_MATCH = YES;
				COPY_PHASE_STRIP = NO;
				DEBUG_INFORMATION_FORMAT = "dwarf-with-dsym";
				ENABLE_NS_ASSERTIONS = NO;
				ENABLE_STRICT_OBJC_MSGSEND = YES;
				GCC_C_LANGUAGE_STANDARD = gnu11;
				GCC_NO_COMMON_BLOCKS = YES;
				GCC_WARN_64_TO_32_BIT_CONVERSION = YES;
				GCC_WARN_ABOUT_RETURN_TYPE = YES_ERROR;
				GCC_WARN_UNDECLARED_SELECTOR = YES;
				GCC_WARN_UNINITIALIZED_AUTOS = YES_AGGRESSIVE;
				GCC_WARN_UNUSED_FUNCTION = YES;
				GCC_WARN_UNUSED_VARIABLE = YES;
				MTL_ENABLE_DEBUG_INFO = NO;
				MTL_FAST_MATH = YES;
				PRODUCT_NAME = "$(TARGET_NAME)";
				SDKROOT = macosx;
				SWIFT_COMPILATION_MODE = wholemodule;
				SWIFT_OPTIMIZATION_LEVEL = "-O";
				SWIFT_VERSION = 5.0;
			};
			name = Release;
		};
		F2AA459D4013B6B4C94C468B /* Debug */ = {
			isa = XCBuildConfiguration;
			buildSettings = {
				ALWAYS_SEARCH_USER_PATHS = NO;
				CLANG_ANALYZER_NONNULL = YES;
				CLANG_ANALYZER_NUMBER_OBJECT_CONVERSION = YES_AGGRESSIVE;
				CLANG_CXX_LANGUAGE_STANDARD = "gnu++14";
				CLANG_CXX_LIBRARY = "libc++";
				CLANG_ENABLE_MODULES = YES;
				CLANG_ENABLE_OBJC_ARC = YES;
				CLANG_ENABLE_OBJC_WEAK = YES;
				CLANG_WARN_BLOCK_CAPTURE_AUTORELEASING = YES;
				CLANG_WARN_BOOL_CONVERSION = YES;
				CLANG_WARN_COMMA = YES;
				CLANG_WARN_CONSTANT_CONVERSION = YES;
				CLANG_WARN_DEPRECATED_OBJC_IMPLEMENTATIONS = YES;
				CLANG_WARN_DIRECT_OBJC_ISA_USAGE = YES_ERROR;
				CLANG_WARN_DOCUMENTATION_COMMENTS = YES;
				CLANG_WARN_EMPTY_BODY = YES;
				CLANG_WARN_ENUM_CONVERSION = YES;
				CLANG_WARN_INFINITE_RECURSION = YES;
				CLANG_WARN_INT_CONVERSION = YES;
				CLANG_WARN_NON_LITERAL_NULL_CONVERSION = YES;
				CLANG_WARN_OBJC_IMPLICIT_RETAIN_SELF = YES;
				CLANG_WARN_OBJC_LITERAL_CONVERSION = YES;
				CLANG_WARN_OBJC_ROOT_CLASS = YES_ERROR;
				CLANG_WARN_QUOTED_INCLUDE_IN_FRAMEWORK_HEADER = YES;
				CLANG_WARN_RANGE_LOOP_ANALYSIS = YES;
				CLANG_WARN_STRICT_PROTOTYPES = YES;
				CLANG_WARN_SUSPICIOUS_MOVE = YES;
				CLANG_WARN_UNGUARDED_AVAILABILITY = YES_AGGRESSIVE;
				CLANG_WARN_UNREACHABLE_CODE = YES;
				CLANG_WARN__DUPLICATE_METHOD_MATCH = YES;
				COPY_PHASE_STRIP = NO;
				DEBUG_INFORMATION_FORMAT = dwarf;
				ENABLE_STRICT_OBJC_MSGSEND = YES;
				ENABLE_TESTABILITY = YES;
				GCC_C_LANGUAGE_STANDARD = gnu11;
				GCC_DYNAMIC_NO_PIC = NO;
				GCC_NO_COMMON_BLOCKS = YES;
				GCC_OPTIMIZATION_LEVEL = 0;
				GCC_PREPROCESSOR_DEFINITIONS = (
					"$(inherited)",
					"DEBUG=1",
				);
				GCC_WARN_64_TO_32_BIT_CONVERSION = YES;
				GCC_WARN_ABOUT_RETURN_TYPE = YES_ERROR;
				GCC_WARN_UNDECLARED_SELECTOR = YES;
				GCC_WARN_UNINITIALIZED_AUTOS = YES_AGGRESSIVE;
				GCC_WARN_UNUSED_FUNCTION = YES;
				GCC_WARN_UNUSED_VARIABLE = YES;
				MTL_ENABLE_DEBUG_INFO = INCLUDE_SOURCE;
				MTL_FAST_MATH = YES;
				ONLY_ACTIVE_ARCH = YES;
				PRODUCT_NAME = "$(TARGET_NAME)";
				SDKROOT = macosx;
				SWIFT_ACTIVE_COMPILATION_CONDITIONS = DEBUG;
				SWIFT_OPTIMIZATION_LEVEL = "-Onone";
				SWIFT_VERSION = 5.0;
			};
			name = Debug;
		};
		F38FAA0BD6EDC77440C45C00 /* Debug */ = {
			isa = XCBuildConfiguration;
			buildSettings = {
				ASSETCATALOG_COMPILER_APPICON_NAME = AppIcon;
				CODE_SIGNING_REQUIRED = NO;
				CODE_SIGN_IDENTITY = "-";
				CODE_SIGN_STYLE = Manual;
				COMBINE_HIDPI_IMAGES = YES;
				GENERATE_INFOPLIST_FILE = YES;
				LD_RUNPATH_SEARCH_PATHS = (
					"$(inherited)",
					"@executable_path/../Frameworks",
				);
				MACOSX_DEPLOYMENT_TARGET = 14.0;
				PRODUCT_BUNDLE_IDENTIFIER = com.hagmas.SwiftDexExample;
				SDKROOT = macosx;
			};
			name = Debug;
		};
/* End XCBuildConfiguration section */

/* Begin XCConfigurationList section */
		91A8A4C7D21F847F9E6820A0 /* Build configuration list for PBXNativeTarget "SwiftDexExample" */ = {
			isa = XCConfigurationList;
			buildConfigurations = (
				F38FAA0BD6EDC77440C45C00 /* Debug */,
				6FAF9FECBBEDF5B824667BD0 /* Release */,
			);
			defaultConfigurationIsVisible = 0;
			defaultConfigurationName = Debug;
		};
		E15E23152568D5865A7732DB /* Build configuration list for PBXProject "SwiftDexExample" */ = {
			isa = XCConfigurationList;
			buildConfigurations = (
				F2AA459D4013B6B4C94C468B /* Debug */,
				7F26173477B56631D5CC297C /* Release */,
			);
			defaultConfigurationIsVisible = 0;
			defaultConfigurationName = Debug;
		};
/* End XCConfigurationList section */

/* Begin XCSwiftPackageProductDependency section */
		901786E0D97D642D5C0CE960 /* SwiftDex */ = {
			isa = XCSwiftPackageProductDependency;
			productName = SwiftDex;
		};
/* End XCSwiftPackageProductDependency section */
	};
	rootObject = C66148335A9D9805916248AE /* Project object */;
}
