// !$*UTF8*$!
{
	archiveVersion = 1;
	classes = {
	};
	objectVersion = 77;
	objects = {

/* Begin PBXBuildFile section */
		190126C8EE7F5BFA05C16623 /* MultipleApplyByItem.swift in Sources */ = {isa = PBXBuildFile; fileRef = 3A24F7319BE654F100A0C686 /* MultipleApplyByItem.swift */; };
		1BFBA7EA6EB6F6A3B5274EA5 /* AboutCode.swift in Sources */ = {isa = PBXBuildFile; fileRef = FF13D146E4ACED0DFA40779D /* AboutCode.swift */; };
		1E24A3EAE77A431FCD1CB195 /* AboutMatchedTransition.swift in Sources */ = {isa = PBXBuildFile; fileRef = 66442CB29C6A6B619C5D500B /* AboutMatchedTransition.swift */; };
		2A964C936EFFD3FD4FB87D13 /* ContentView.swift in Sources */ = {isa = PBXBuildFile; fileRef = FE46BC7FF2F4B42204668B45 /* ContentView.swift */; };
		32EB5D9C7CA555D972C8AA19 /* AboutStandardLayout.swift in Sources */ = {isa = PBXBuildFile; fileRef = B727C7891235FBB7D368C4A9 /* AboutStandardLayout.swift */; };
		41EDA80C0FB3207CFE8ED445 /* Introduction.swift in Sources */ = {isa = PBXBuildFile; fileRef = 87F497EC9F50CC1B8B8B813C /* Introduction.swift */; };
		5E3C4AA34F26864C37D057F6 /* AboutApply.swift in Sources */ = {isa = PBXBuildFile; fileRef = C93EE49FF7DB4060675933EB /* AboutApply.swift */; };
		74A3546B6459532D9FC788BB /* SwiftDex in Frameworks */ = {isa = PBXBuildFile; productRef = 901786E0D97D642D5C0CE960 /* SwiftDex */; };
		7B8070A3DC8BFF06CF1A9C70 /* AboutZoom.swift in Sources */ = {isa = PBXBuildFile; fileRef = B6189BF1512A381102BFFF88 /* AboutZoom.swift */; };
		7C59F47B5CE1149B8F6AC137 /* AboutHighlight.swift in Sources */ = {isa = PBXBuildFile; fileRef = 475CCF49FCB2BA35E7BCCDE9 /* AboutHighlight.swift */; };
		843D04C0705EB393C7D59C55 /* AboutAction.swift in Sources */ = {isa = PBXBuildFile; fileRef = F33E50F3C38B6DA824A966BB /* AboutAction.swift */; };
		864818E5202D35F51C508736 /* AboutTransition.swift in Sources */ = {isa = PBXBuildFile; fileRef = C2C23E7D5C1B84F8C87E8CC6 /* AboutTransition.swift */; };
		93912B3C4425A6203FC96450 /* SwiftDexExampleApp.swift in Sources */ = {isa = PBXBuildFile; fileRef = 5BD7255273A93DB0FEF98C81 /* SwiftDexExampleApp.swift */; };
		9EEC10946E592DFFAEA1B03A /* Title.swift in Sources */ = {isa = PBXBuildFile; fileRef = B1F9F0DDDBC33B4282CCF9D7 /* Title.swift */; };
		B6DAA2601DFD8504C4C0FD62 /* Layout2.swift in Sources */ = {isa = PBXBuildFile; fileRef = C0A17BC3CB6C02ADB509A76B /* Layout2.swift */; };
		C65C6EBF4499FB2BD42BC98F /* Assets.xcassets in Resources */ = {isa = PBXBuildFile; fileRef = AAC5BDDB4254D1D61F5EAEE8 /* Assets.xcassets */; };
		CB1687152630DD3D402B3497 /* ElementTransition+Extensions.swift in Sources */ = {isa = PBXBuildFile; fileRef = E5D1F2148F8EBF20D2C49FEF /* ElementTransition+Extensions.swift */; };
		D06E76DDE96065BB17514B84 /* SlideTransition+Extensions.swift in Sources */ = {isa = PBXBuildFile; fileRef = 6F87C8689A0B703A15C957B7 /* SlideTransition+Extensions.swift */; };
		ED3ED589395D54536E63A919 /* Layout1.swift in Sources */ = {isa = PBXBuildFile; fileRef = 32AA799D9FCFC50C68CE5E7D /* Layout1.swift */; };
		F738B7DCE656C80C7505BF48 /* MyDeck.swift in Sources */ = {isa = PBXBuildFile; fileRef = 461ABD1D9D01D34EED6CFA3F /* MyDeck.swift */; };
		FA85639F5460A873A20083FC /* AboutFlipper.swift in Sources */ = {isa = PBXBuildFile; fileRef = 06E75E552EE513B1C0ADFA6D /* AboutFlipper.swift */; };
		FF553C08AE1066CD81EEC06A /* AboutBullets.swift in Sources */ = {isa = PBXBuildFile; fileRef = 4D5ACA3638B63FD73584EC5A /* AboutBullets.swift */; };
/* End PBXBuildFile section */

/* Begin PBXFileReference section */
		06E75E552EE513B1C0ADFA6D /* AboutFlipper.swift */ = {isa = PBXFileReference; lastKnownFileType = sourcecode.swift; path = AboutFlipper.swift; sourceTree = "<group>"; };
		1914BA586BA4C9DEEA1C1F1B /* SwiftDexExample.entitlements */ = {isa = PBXFileReference; lastKnownFileType = text.plist.entitlements; path = SwiftDexExample.entitlements; sourceTree = "<group>"; };
		1CF0C9952FE28D81CF2AAC16 /* SwiftDexExample.app */ = {isa = PBXFileReference; explicitFileType = wrapper.application; includeInIndex = 0; path = SwiftDexExample.app; sourceTree = BUILT_PRODUCTS_DIR; };
		32AA799D9FCFC50C68CE5E7D /* Layout1.swift */ = {isa = PBXFileReference; lastKnownFileType = sourcecode.swift; path = Layout1.swift; sourceTree = "<group>"; };
		3A24F7319BE654F100A0C686 /* MultipleApplyByItem.swift */ = {isa = PBXFileReference; lastKnownFileType = sourcecode.swift; path = MultipleApplyByItem.swift; sourceTree = "<group>"; };
		461ABD1D9D01D34EED6CFA3F /* MyDeck.swift */ = {isa = PBXFileReference; lastKnownFileType = sourcecode.swift; path = MyDeck.swift; sourceTree = "<group>"; };
		475CCF49FCB2BA35E7BCCDE9 /* AboutHighlight.swift */ = {isa = PBXFileReference; lastKnownFileType = sourcecode.swift; path = AboutHighlight.swift; sourceTree = "<group>"; };
		4D5ACA3638B63FD73584EC5A /* AboutBullets.swift */ = {isa = PBXFileReference; lastKnownFileType = sourcecode.swift; path = AboutBullets.swift; sourceTree = "<group>"; };
		5BD7255273A93DB0FEF98C81 /* SwiftDexExampleApp.swift */ = {isa = PBXFileReference; lastKnownFileType = sourcecode.swift; path = SwiftDexExampleApp.swift; sourceTree = "<group>"; };
		66442CB29C6A6B619C5D500B /* AboutMatchedTransition.swift */ = {isa = PBXFileReference; lastKnownFileType = sourcecode.swift; path = AboutMatchedTransition.swift; sourceTree = "<group>"; };
		6F87C8689A0B703A15C957B7 /* SlideTransition+Extensions.swift */ = {isa = PBXFileReference; lastKnownFileType = sourcecode.swift; path = "SlideTransition+Extensions.swift"; sourceTree = "<group>"; };
		87F497EC9F50CC1B8B8B813C /* Introduction.swift */ = {isa = PBXFileReference; lastKnownFileType = sourcecode.swift; path = Introduction.swift; sourceTree = "<group>"; };
		AAC5BDDB4254D1D61F5EAEE8 /* Assets.xcassets */ = {isa = PBXFileReference; lastKnownFileType = folder.assetcatalog; path = Assets.xcassets; sourceTree = "<group>"; };
		B1F9F0DDDBC33B4282CCF9D7 /* Title.swift */ = {isa = PBXFileReference; lastKnownFileType = sourcecode.swift; path = Title.swift; sourceTree = "<group>"; };
		B6189BF1512A381102BFFF88 /* AboutZoom.swift */ = {isa = PBXFileReference; lastKnownFileType = sourcecode.swift; path = AboutZoom.swift; sourceTree = "<group>"; };
		B727C7891235FBB7D368C4A9 /* AboutStandardLayout.swift */ = {isa = PBXFileReference; lastKnownFileType = sourcecode.swift; path = AboutStandardLayout.swift; sourceTree = "<group>"; };
		C0A17BC3CB6C02ADB509A76B /* Layout2.swift */ = {isa = PBXFileReference; lastKnownFileType = sourcecode.swift; path = Layout2.swift; sourceTree = "<group>"; };
		C2C23E7D5C1B84F8C87E8CC6 /* AboutTransition.swift */ = {isa = PBXFileReference; lastKnownFileType = sourcecode.swift; path = AboutTransition.swift; sourceTree = "<group>"; };
		C93EE49FF7DB4060675933EB /* AboutApply.swift */ = {isa = PBXFileReference; lastKnownFileType = sourcecode.swift; path = AboutApply.swift; sourceTree = "<group>"; };
		E5D1F2148F8EBF20D2C49FEF /* ElementTransition+Extensions.swift */ = {isa = PBXFileReference; lastKnownFileType = sourcecode.swift; path = "ElementTransition+Extensions.swift"; sourceTree = "<group>"; };
		EC28170B7BB8A2D53CEF3B2E /* swift-dex */ = {isa = PBXFileReference; lastKnownFileType = folder; name = "swift-dex"; path = ..; sourceTree = SOURCE_ROOT; };
		F33E50F3C38B6DA824A966BB /* AboutAction.swift */ = {isa = PBXFileReference; lastKnownFileType = sourcecode.swift; path = AboutAction.swift; sourceTree = "<group>"; };
		FE46BC7FF2F4B42204668B45 /* ContentView.swift */ = {isa = PBXFileReference; lastKnownFileType = sourcecode.swift; path = ContentView.swift; sourceTree = "<group>"; };
		FF13D146E4ACED0DFA40779D /* AboutCode.swift */ = {isa = PBXFileReference; lastKnownFileType = sourcecode.swift; path = AboutCode.swift; sourceTree = "<group>"; };
/* End PBXFileReference section */

/* Begin PBXFrameworksBuildPhase section */
		8805283124F92CB74061485B /* Frameworks */ = {
			isa = PBXFrameworksBuildPhase;
			buildActionMask = 2147483647;
			files = (
				74A3546B6459532D9FC788BB /* SwiftDex in Frameworks */,
			);
			runOnlyForDeploymentPostprocessing = 0;
		};
/* End PBXFrameworksBuildPhase section */

/* Begin PBXGroup section */
		32F12D4ACF9DC6582903C744 /* Common */ = {
			isa = PBXGroup;
			children = (
				6FCA23C067B46858684E9783 /* ElementTransition */,
				4B7DBD59F216C5568E7D01AB /* SlideTransition */,
			);
			path = Common;
			sourceTree = "<group>";
		};
		3669FE8B9371C1B43C147076 /* CustomAnimation */ = {
			isa = PBXGroup;
			children = (
				F33E50F3C38B6DA824A966BB /* AboutAction.swift */,
				C93EE49FF7DB4060675933EB /* AboutApply.swift */,
				475CCF49FCB2BA35E7BCCDE9 /* AboutHighlight.swift */,
				66442CB29C6A6B619C5D500B /* AboutMatchedTransition.swift */,
				C2C23E7D5C1B84F8C87E8CC6 /* AboutTransition.swift */,
				B6189BF1512A381102BFFF88 /* AboutZoom.swift */,
			);
			path = CustomAnimation;
			sourceTree = "<group>";
		};
		4B7DBD59F216C5568E7D01AB /* SlideTransition */ = {
			isa = PBXGroup;
			children = (
				6F87C8689A0B703A15C957B7 /* SlideTransition+Extensions.swift */,
			);
			path = SlideTransition;
			sourceTree = "<group>";
		};
		501A26D594E8B4BB207D6E6B /* SwiftDexExample */ = {
			isa = PBXGroup;
			children = (
				AAC5BDDB4254D1D61F5EAEE8 /* Assets.xcassets */,
				FE46BC7FF2F4B42204668B45 /* ContentView.swift */,
				461ABD1D9D01D34EED6CFA3F /* MyDeck.swift */,
				1914BA586BA4C9DEEA1C1F1B /* SwiftDexExample.entitlements */,
				5BD7255273A93DB0FEF98C81 /* SwiftDexExampleApp.swift */,
				32F12D4ACF9DC6582903C744 /* Common */,
				FC0CCF23004E37A3CF6D3F94 /* Slides */,
			);
			path = SwiftDexExample;
			sourceTree = "<group>";
		};
		6FCA23C067B46858684E9783 /* ElementTransition */ = {
			isa = PBXGroup;
			children = (
				E5D1F2148F8EBF20D2C49FEF /* ElementTransition+Extensions.swift */,
			);
			path = ElementTransition;
			sourceTree = "<group>";
		};
		91DEFED83EB3706206664D1F /* Packages */ = {
			isa = PBXGroup;
			children = (
				EC28170B7BB8A2D53CEF3B2E /* swift-dex */,
			);
			name = Packages;
			sourceTree = "<group>";
		};
		AB4E4F138D05EF4DC5121651 /* Layouts */ = {
			isa = PBXGroup;
			children = (
				B727C7891235FBB7D368C4A9 /* AboutStandardLayout.swift */,
				32AA799D9FCFC50C68CE5E7D /* Layout1.swift */,
				C0A17BC3CB6C02ADB509A76B /* Layout2.swift */,
			);
			path = Layouts;
			sourceTree = "<group>";
		};
		E0F3B837578B869616337927 = {
			isa = PBXGroup;
			children = (
				91DEFED83EB3706206664D1F /* Packages */,
				501A26D594E8B4BB207D6E6B /* SwiftDexExample */,
				F1CD1CFB00D2DCC9C342C0DF /* Products */,
			);
			sourceTree = "<group>";
		};
		E8558197D34DF6F9D86D83D8 /* CustomViews */ = {
			isa = PBXGroup;
			children = (
				4D5ACA3638B63FD73584EC5A /* AboutBullets.swift */,
				FF13D146E4ACED0DFA40779D /* AboutCode.swift */,
				06E75E552EE513B1C0ADFA6D /* AboutFlipper.swift */,
				3A24F7319BE654F100A0C686 /* MultipleApplyByItem.swift */,
			);
			path = CustomViews;
			sourceTree = "<group>";
		};
		F1CD1CFB00D2DCC9C342C0DF /* Products */ = {
			isa = PBXGroup;
			children = (
				1CF0C9952FE28D81CF2AAC16 /* SwiftDexExample.app */,
			);
			name = Products;
			sourceTree = "<group>";
		};
		FC0CCF23004E37A3CF6D3F94 /* Slides */ = {
			isa = PBXGroup;
			children = (
				87F497EC9F50CC1B8B8B813C /* Introduction.swift */,
				B1F9F0DDDBC33B4282CCF9D7 /* Title.swift */,
				3669FE8B9371C1B43C147076 /* CustomAnimation */,
				E8558197D34DF6F9D86D83D8 /* CustomViews */,
				AB4E4F138D05EF4DC5121651 /* Layouts */,
			);
			path = Slides;
			sourceTree = "<group>";
		};
/* End PBXGroup section */

/* Begin PBXNativeTarget section */
		2466A19CA864616F94C97AEC /* SwiftDexExample */ = {
			isa = PBXNativeTarget;
			buildConfigurationList = 91A8A4C7D21F847F9E6820A0 /* Build configuration list for PBXNativeTarget "SwiftDexExample" */;
			buildPhases = (
				D1D78B81991655C484F8BB8C /* Sources */,
				9D98F95B3F56ED4ABF891806 /* Resources */,
				8805283124F92CB74061485B /* Frameworks */,
			);
			buildRules = (
			);
			dependencies = (
			);
			name = SwiftDexExample;
			packageProductDependencies = (
				901786E0D97D642D5C0CE960 /* SwiftDex */,
			);
			productName = SwiftDexExample;
			productReference = 1CF0C9952FE28D81CF2AAC16 /* SwiftDexExample.app */;
			productType = "com.apple.product-type.application";
		};
/* End PBXNativeTarget section */

/* Begin PBXProject section */
		C66148335A9D9805916248AE /* Project object */ = {
			isa = PBXProject;
			attributes = {
				BuildIndependentTargetsInParallel = YES;
				LastUpgradeCheck = 1430;
				TargetAttributes = {
					2466A19CA864616F94C97AEC = {
						ProvisioningStyle = Manual;
					};
				};
			};
			buildConfigurationList = E15E23152568D5865A7732DB /* Build configuration list for PBXProject "SwiftDexExample" */;
			developmentRegion = en;
			hasScannedForEncodings = 0;
			knownRegions = (
				Base,
				en,
			);
			mainGroup = E0F3B837578B869616337927;
			minimizedProjectReferenceProxies = 1;
			packageReferences = (
				846DBA9428EDF973F6A8FD8C /* XCLocalSwiftPackageReference "..//" */,
			);
			preferredProjectObjectVersion = 77;
			productRefGroup = F1CD1CFB00D2DCC9C342C0DF /* Products */;
			projectDirPath = "";
			projectRoot = "";
			targets = (
				2466A19CA864616F94C97AEC /* SwiftDexExample */,
			);
		};
/* End PBXProject section */

/* Begin PBXResourcesBuildPhase section */
		9D98F95B3F56ED4ABF891806 /* Resources */ = {
			isa = PBXResourcesBuildPhase;
			buildActionMask = 2147483647;
			files = (
				C65C6EBF4499FB2BD42BC98F /* Assets.xcassets in Resources */,
			);
			runOnlyForDeploymentPostprocessing = 0;
		};
/* End PBXResourcesBuildPhase section */

/* Begin PBXSourcesBuildPhase section */
		D1D78B81991655C484F8BB8C /* Sources */ = {
			isa = PBXSourcesBuildPhase;
			buildActionMask = 2147483647;
			files = (
				843D04C0705EB393C7D59C55 /* AboutAction.swift in Sources */,
				5E3C4AA34F26864C37D057F6 /* AboutApply.swift in Sources */,
				FF553C08AE1066CD81EEC06A /* AboutBullets.swift in Sources */,
				1BFBA7EA6EB6F6A3B5274EA5 /* AboutCode.swift in Sources */,
				FA85639F5460A873A20083FC /* AboutFlipper.swift in Sources */,
				7C59F47B5CE1149B8F6AC137 /* AboutHighlight.swift in Sources */,
				1E24A3EAE77A431FCD1CB195 /* AboutMatchedTransition.swift in Sources */,
				32EB5D9C7CA555D972C8AA19 /* AboutStandardLayout.swift in Sources */,
				864818E5202D35F51C508736 /* AboutTransition.swift in Sources */,
				7B8070A3DC8BFF06CF1A9C70 /* AboutZoom.swift in Sources */,
				2A964C936EFFD3FD4FB87D13 /* ContentView.swift in Sources */,
				CB1687152630DD3D402B3497 /* ElementTransition+Extensions.swift in Sources */,
				41EDA80C0FB3207CFE8ED445 /* Introduction.swift in Sources */,
				ED3ED589395D54536E63A919 /* Layout1.swift in Sources */,
				B6DAA2601DFD8504C4C0FD62 /* Layout2.swift in Sources */,
				190126C8EE7F5BFA05C16623 /* MultipleApplyByItem.swift in Sources */,
				F738B7DCE656C80C7505BF48 /* MyDeck.swift in Sources */,
				D06E76DDE96065BB17514B84 /* SlideTransition+Extensions.swift in Sources */,
				93912B3C4425A6203FC96450 /* SwiftDexExampleApp.swift in Sources */,
				9EEC10946E592DFFAEA1B03A /* Title.swift in Sources */,
			);
			runOnlyForDeploymentPostprocessing = 0;
		};
/* End PBXSourcesBuildPhase section */

/* Begin XCBuildConfiguration section */
		6FAF9FECBBEDF5B824667BD0 /* Release */ = {
			isa = XCBuildConfiguration;
			buildSettings = {
				ASSETCATALOG_COMPILER_APPICON_NAME = AppIcon;
				CODE_SIGNING_REQUIRED = NO;
				CODE_SIGN_IDENTITY = "-";
				CODE_SIGN_STYLE = Manual;
				COMBINE_HIDPI_IMAGES = YES;
				GENERATE_INFOPLIST_FILE = YES;
				LD_RUNPATH_SEARCH_PATHS = (
					"$(inherited)",
					"@executable_path/../Frameworks",
				);
				MACOSX_DEPLOYMENT_TARGET = 14.0;
				PRODUCT_BUNDLE_IDENTIFIER = com.hagmas.SwiftDexExample;
				SDKROOT = macosx;
			};
			name = Release;
		};
		7F26173477B56631D5CC297C /* Release */ = {
			isa = XCBuildConfiguration;
			buildSettings = {
				ALWAYS_SEARCH_USER_PATHS = NO;
				CLANG_ANALYZER_NONNULL = YES;
				CLANG_ANALYZER_NUMBER_OBJECT_CONVERSION = YES_AGGRESSIVE;
				CLANG_CXX_LANGUAGE_STANDARD = "gnu++14";
				CLANG_CXX_LIBRARY = "libc++";
				CLANG_ENABLE_MODULES = YES;
				CLANG_ENABLE_OBJC_ARC = YES;
				CLANG_ENABLE_OBJC_WEAK = YES;
				CLANG_WARN_BLOCK_CAPTURE_AUTORELEASING = YES;
				CLANG_WARN_BOOL_CONVERSION = YES;
				CLANG_WARN_COMMA = YES;
				CLANG_WARN_CONSTANT_CONVERSION = YES;
				CLANG_WARN_DEPRECATED_OBJC_IMPLEMENTATIONS = YES;
				CLANG_WARN_DIRECT_OBJC_ISA_USAGE = YES_ERROR;
				CLANG_WARN_DOCUMENTATION_COMMENTS = YES;
				CLANG_WARN_EMPTY_BODY = YES;
				CLANG_WARN_ENUM_CONVERSION = YES;
				CLANG_WARN_INFINITE_RECURSION = YES;
				CLANG_WARN_INT_CONVERSION = YES;
				CLANG_WARN_NON_LITERAL_NULL_CONVERSION = YES;
				CLANG_WARN_OBJC_IMPLICIT_RETAIN_SELF = YES;
				CLANG_WARN_OBJC_LITERAL_CONVERSION = YES;
				CLANG_WARN_OBJC_ROOT_CLASS = YES_ERROR;
				CLANG_WARN_QUOTED_INCLUDE_IN_FRAMEWORK_HEADER = YES;
				CLANG_WARN_RANGE_LOOP_ANALYSIS = YES;
				CLANG_WARN_STRICT_PROTOTYPES = YES;
				CLANG_WARN_SUSPICIOUS_MOVE = YES;
				CLANG_WARN_UNGUARDED_AVAILABILITY = YES_AGGRESSIVE;
				CLANG_WARN_UNREACHABLE_CODE = YES;
				CLANG_WARN__DUPLICATE_METHOD_MATCH = YES;
				COPY_PHASE_STRIP = NO;
				DEBUG_INFORMATION_FORMAT = "dwarf-with-dsym";
				ENABLE_NS_ASSERTIONS = NO;
				ENABLE_STRICT_OBJC_MSGSEND = YES;
				GCC_C_LANGUAGE_STANDARD = gnu11;
				GCC_NO_COMMON_BLOCKS = YES;
				GCC_WARN_64_TO_32_BIT_CONVERSION = YES;
				GCC_WARN_ABOUT_RETURN_TYPE = YES_ERROR;
				GCC_WARN_UNDECLARED_SELECTOR = YES;
				GCC_WARN_UNINITIALIZED_AUTOS = YES_AGGRESSIVE;
				GCC_WARN_UNUSED_FUNCTION = YES;
				GCC_WARN_UNUSED_VARIABLE = YES;
				MTL_ENABLE_DEBUG_INFO = NO;
				MTL_FAST_MATH = YES;
				PRODUCT_NAME = "$(TARGET_NAME)";
				SDKROOT = macosx;
				SWIFT_COMPILATION_MODE = wholemodule;
				SWIFT_OPTIMIZATION_LEVEL = "-O";
				SWIFT_VERSION = 5.0;
			};
			name = Release;
		};
		F2AA459D4013B6B4C94C468B /* Debug */ = {
			isa = XCBuildConfiguration;
			buildSettings = {
				ALWAYS_SEARCH_USER_PATHS = NO;
				CLANG_ANALYZER_NONNULL = YES;
				CLANG_ANALYZER_NUMBER_OBJECT_CONVERSION = YES_AGGRESSIVE;
				CLANG_CXX_LANGUAGE_STANDARD = "gnu++14";
				CLANG_CXX_LIBRARY = "libc++";
				CLANG_ENABLE_MODULES = YES;
				CLANG_ENABLE_OBJC_ARC = YES;
				CLANG_ENABLE_OBJC_WEAK = YES;
				CLANG_WARN_BLOCK_CAPTURE_AUTORELEASING = YES;
				CLANG_WARN_BOOL_CONVERSION = YES;
				CLANG_WARN_COMMA = YES;
				CLANG_WARN_CONSTANT_CONVERSION = YES;
				CLANG_WARN_DEPRECATED_OBJC_IMPLEMENTATIONS = YES;
				CLANG_WARN_DIRECT_OBJC_ISA_USAGE = YES_ERROR;
				CLANG_WARN_DOCUMENTATION_COMMENTS = YES;
				CLANG_WARN_EMPTY_BODY = YES;
				CLANG_WARN_ENUM_CONVERSION = YES;
				CLANG_WARN_INFINITE_RECURSION = YES;
				CLANG_WARN_INT_CONVERSION = YES;
				CLANG_WARN_NON_LITERAL_NULL_CONVERSION = YES;
				CLANG_WARN_OBJC_IMPLICIT_RETAIN_SELF = YES;
				CLANG_WARN_OBJC_LITERAL_CONVERSION = YES;
				CLANG_WARN_OBJC_ROOT_CLASS = YES_ERROR;
				CLANG_WARN_QUOTED_INCLUDE_IN_FRAMEWORK_HEADER = YES;
				CLANG_WARN_RANGE_LOOP_ANALYSIS = YES;
				CLANG_WARN_STRICT_PROTOTYPES = YES;
				CLANG_WARN_SUSPICIOUS_MOVE = YES;
				CLANG_WARN_UNGUARDED_AVAILABILITY = YES_AGGRESSIVE;
				CLANG_WARN_UNREACHABLE_CODE = YES;
				CLANG_WARN__DUPLICATE_METHOD_MATCH = YES;
				COPY_PHASE_STRIP = NO;
				DEBUG_INFORMATION_FORMAT = dwarf;
				ENABLE_STRICT_OBJC_MSGSEND = YES;
				ENABLE_TESTABILITY = YES;
				GCC_C_LANGUAGE_STANDARD = gnu11;
				GCC_DYNAMIC_NO_PIC = NO;
				GCC_NO_COMMON_BLOCKS = YES;
				GCC_OPTIMIZATION_LEVEL = 0;
				GCC_PREPROCESSOR_DEFINITIONS = (
					"$(inherited)",
					"DEBUG=1",
				);
				GCC_WARN_64_TO_32_BIT_CONVERSION = YES;
				GCC_WARN_ABOUT_RETURN_TYPE = YES_ERROR;
				GCC_WARN_UNDECLARED_SELECTOR = YES;
				GCC_WARN_UNINITIALIZED_AUTOS = YES_AGGRESSIVE;
				GCC_WARN_UNUSED_FUNCTION = YES;
				GCC_WARN_UNUSED_VARIABLE = YES;
				MTL_ENABLE_DEBUG_INFO = INCLUDE_SOURCE;
				MTL_FAST_MATH = YES;
				ONLY_ACTIVE_ARCH = YES;
				PRODUCT_NAME = "$(TARGET_NAME)";
				SDKROOT = macosx;
				SWIFT_ACTIVE_COMPILATION_CONDITIONS = DEBUG;
				SWIFT_OPTIMIZATION_LEVEL = "-Onone";
				SWIFT_VERSION = 5.0;
			};
			name = Debug;
		};
		F38FAA0BD6EDC77440C45C00 /* Debug */ = {
			isa = XCBuildConfiguration;
			buildSettings = {
				ASSETCATALOG_COMPILER_APPICON_NAME = AppIcon;
				CODE_SIGNING_REQUIRED = NO;
				CODE_SIGN_IDENTITY = "-";
				CODE_SIGN_STYLE = Manual;
				COMBINE_HIDPI_IMAGES = YES;
				GENERATE_INFOPLIST_FILE = YES;
				LD_RUNPATH_SEARCH_PATHS = (
					"$(inherited)",
					"@executable_path/../Frameworks",
				);
				MACOSX_DEPLOYMENT_TARGET = 14.0;
				PRODUCT_BUNDLE_IDENTIFIER = com.hagmas.SwiftDexExample;
				SDKROOT = macosx;
			};
			name = Debug;
		};
/* End XCBuildConfiguration section */

/* Begin XCConfigurationList section */
		91A8A4C7D21F847F9E6820A0 /* Build configuration list for PBXNativeTarget "SwiftDexExample" */ = {
			isa = XCConfigurationList;
			buildConfigurations = (
				F38FAA0BD6EDC77440C45C00 /* Debug */,
				6FAF9FECBBEDF5B824667BD0 /* Release */,
			);
			defaultConfigurationIsVisible = 0;
			defaultConfigurationName = Debug;
		};
		E15E23152568D5865A7732DB /* Build configuration list for PBXProject "SwiftDexExample" */ = {
			isa = XCConfigurationList;
			buildConfigurations = (
				F2AA459D4013B6B4C94C468B /* Debug */,
				7F26173477B56631D5CC297C /* Release */,
			);
			defaultConfigurationIsVisible = 0;
			defaultConfigurationName = Debug;
		};
/* End XCConfigurationList section */

/* Begin XCLocalSwiftPackageReference section */
		846DBA9428EDF973F6A8FD8C /* XCLocalSwiftPackageReference "..//" */ = {
			isa = XCLocalSwiftPackageReference;
			relativePath = "..//";
		};
/* End XCLocalSwiftPackageReference section */

/* Begin XCSwiftPackageProductDependency section */
		901786E0D97D642D5C0CE960 /* SwiftDex */ = {
			isa = XCSwiftPackageProductDependency;
			productName = SwiftDex;
		};
/* End XCSwiftPackageProductDependency section */
	};
	rootObject = C66148335A9D9805916248AE /* Project object */;
}
